
Microsoft Visual Studio Solution File, Format Version 12.00
# Visual Studio 14
VisualStudioVersion = 14.0.25420.1
MinimumVisualStudioVersion = 10.0.40219.1
Project("{8BB2217D-0F2D-49D1-97BC-3654ED321F3B}") = "EShipmentSystem.Data", "EShipmentSystem.Data\EShipmentSystem.Data.xproj", "{4E4C8523-F80D-4774-9CC7-2F94664F31F5}"
EndProject
Project("{8BB2217D-0F2D-49D1-97BC-3654ED321F3B}") = "EShipmentSystem.Web", "EShipmentSystem.Web\EShipmentSystem.Web.xproj", "{DC00E35E-C476-4706-B930-327B3554228C}"
EndProject
Project("{8BB2217D-0F2D-49D1-97BC-3654ED321F3B}") = "EShipmentSystem.Services", "EShipmentSystem.Services\EShipmentSystem.Services.xproj", "{C85B49E4-F758-41A0-942A-8DE75A994817}"
EndProject
Global
	GlobalSection(SolutionConfigurationPlatforms) = preSolution
		Debug|Any CPU = Debug|Any CPU
		Release|Any CPU = Release|Any CPU
	EndGlobalSection
	GlobalSection(ProjectConfigurationPlatforms) = postSolution
		{4E4C8523-F80D-4774-9CC7-2F94664F31F5}.Debug|Any CPU.ActiveCfg = Debug|Any CPU
		{4E4C8523-F80D-4774-9CC7-2F94664F31F5}.Debug|Any CPU.Build.0 = Debug|Any CPU
		{4E4C8523-F80D-4774-9CC7-2F94664F31F5}.Release|Any CPU.ActiveCfg = Release|Any CPU
		{4E4C8523-F80D-4774-9CC7-2F94664F31F5}.Release|Any CPU.Build.0 = Release|Any CPU
		{DC00E35E-C476-4706-B930-327B3554228C}.Debug|Any CPU.ActiveCfg = Debug|Any CPU
		{DC00E35E-C476-4706-B930-327B3554228C}.Debug|Any CPU.Build.0 = Debug|Any CPU
		{DC00E35E-C476-4706-B930-327B3554228C}.Release|Any CPU.ActiveCfg = Release|Any CPU
		{DC00E35E-C476-4706-B930-327B3554228C}.Release|Any CPU.Build.0 = Release|Any CPU
		{C85B49E4-F758-41A0-942A-8DE75A994817}.Debug|Any CPU.ActiveCfg = Debug|Any CPU
		{C85B49E4-F758-41A0-942A-8DE75A994817}.Debug|Any CPU.Build.0 = Debug|Any CPU
		{C85B49E4-F758-41A0-942A-8DE75A994817}.Release|Any CPU.ActiveCfg = Release|Any CPU
		{C85B49E4-F758-41A0-942A-8DE75A994817}.Release|Any CPU.Build.0 = Release|Any CPU
	EndGlobalSection
	GlobalSection(SolutionProperties) = preSolution
		HideSolutionNode = FALSE
	EndGlobalSection
EndGlobal
